{
  "name": "tgs-core",
  "version": "1.0.0",
  "lockfileVersion": 1,
  "requires": true,
  "dependencies": {
    "tgs-model": {
      "version": "file:../tgs-model",
      "requires": {
        "tgs-parser": "file:../tgs-parser"
      },
      "dependencies": {
        "tgs-parser": {
          "version": "file:../tgs-parser",
          "bundled": true
        }
      }
    },
    "tgs-parser": {
      "version": "file:../tgs-parser"
    }
  }
}
